// !$*UTF8*$!
{
	archiveVersion = 1;
	classes = {
	};
	objectVersion = 56;
	objects = {

/* Begin PBXBuildFile section */
		B17F95902A30C4CF00CE7F85 /* AppDelegate.swift in Sources */ = {isa = PBXBuildFile; fileRef = B17F958F2A30C4CF00CE7F85 /* AppDelegate.swift */; };
		B17F95922A30C4CF00CE7F85 /* SceneDelegate.swift in Sources */ = {isa = PBXBuildFile; fileRef = B17F95912A30C4CF00CE7F85 /* SceneDelegate.swift */; };
		B17F95942A30C4CF00CE7F85 /* ViewController.swift in Sources */ = {isa = PBXBuildFile; fileRef = B17F95932A30C4CF00CE7F85 /* ViewController.swift */; };
		B17F95972A30C4CF00CE7F85 /* Main.storyboard in Resources */ = {isa = PBXBuildFile; fileRef = B17F95952A30C4CF00CE7F85 /* Main.storyboard */; };
		B17F95992A30C4D200CE7F85 /* Assets.xcassets in Resources */ = {isa = PBXBuildFile; fileRef = B17F95982A30C4D200CE7F85 /* Assets.xcassets */; };
		B17F959C2A30C4D200CE7F85 /* LaunchScreen.storyboard in Resources */ = {isa = PBXBuildFile; fileRef = B17F959A2A30C4D200CE7F85 /* LaunchScreen.storyboard */; };
		B17F95A72A30C4D200CE7F85 /* CoordinatorTests.swift in Sources */ = {isa = PBXBuildFile; fileRef = B17F95A62A30C4D200CE7F85 /* CoordinatorTests.swift */; };
		B17F95B12A30C4D200CE7F85 /* CoordinatorUITests.swift in Sources */ = {isa = PBXBuildFile; fileRef = B17F95B02A30C4D200CE7F85 /* CoordinatorUITests.swift */; };
		B17F95B32A30C4D200CE7F85 /* CoordinatorUITestsLaunchTests.swift in Sources */ = {isa = PBXBuildFile; fileRef = B17F95B22A30C4D200CE7F85 /* CoordinatorUITestsLaunchTests.swift */; };
		B17F95C02A30C57700CE7F85 /* Coordinator.swift in Sources */ = {isa = PBXBuildFile; fileRef = B17F95BF2A30C57700CE7F85 /* Coordinator.swift */; };
/* End PBXBuildFile section */

/* Begin PBXContainerItemProxy section */
		B17F95A32A30C4D200CE7F85 /* PBXContainerItemProxy */ = {
			isa = PBXContainerItemProxy;
			containerPortal = B17F95842A30C4CF00CE7F85 /* Project object */;
			proxyType = 1;
			remoteGlobalIDString = B17F958B2A30C4CF00CE7F85;
			remoteInfo = Coordinator;
		};
		B17F95AD2A30C4D200CE7F85 /* PBXContainerItemProxy */ = {
			isa = PBXContainerItemProxy;
			containerPortal = B17F95842A30C4CF00CE7F85 /* Project object */;
			proxyType = 1;
			remoteGlobalIDString = B17F958B2A30C4CF00CE7F85;
			remoteInfo = Coordinator;
		};
/* End PBXContainerItemProxy section */

/* Begin PBXFileReference section */
		B17F958C2A30C4CF00CE7F85 /* Coordinator.app */ = {isa = PBXFileReference; explicitFileType = wrapper.application; includeInIndex = 0; path = Coordinator.app; sourceTree = BUILT_PRODUCTS_DIR; };
		B17F958F2A30C4CF00CE7F85 /* AppDelegate.swift */ = {isa = PBXFileReference; lastKnownFileType = sourcecode.swift; path = AppDelegate.swift; sourceTree = "<group>"; };
		B17F95912A30C4CF00CE7F85 /* SceneDelegate.swift */ = {isa = PBXFileReference; lastKnownFileType = sourcecode.swift; path = SceneDelegate.swift; sourceTree = "<group>"; };
		B17F95932A30C4CF00CE7F85 /* ViewController.swift */ = {isa = PBXFileReference; lastKnownFileType = sourcecode.swift; path = ViewController.swift; sourceTree = "<group>"; };
		B17F95962A30C4CF00CE7F85 /* Base */ = {isa = PBXFileReference; lastKnownFileType = file.storyboard; name = Base; path = Base.lproj/Main.storyboard; sourceTree = "<group>"; };
		B17F95982A30C4D200CE7F85 /* Assets.xcassets */ = {isa = PBXFileReference; lastKnownFileType = folder.assetcatalog; path = Assets.xcassets; sourceTree = "<group>"; };
		B17F959B2A30C4D200CE7F85 /* Base */ = {isa = PBXFileReference; lastKnownFileType = file.storyboard; name = Base; path = Base.lproj/LaunchScreen.storyboard; sourceTree = "<group>"; };
		B17F959D2A30C4D200CE7F85 /* Info.plist */ = {isa = PBXFileReference; lastKnownFileType = text.plist.xml; path = Info.plist; sourceTree = "<group>"; };
		B17F95A22A30C4D200CE7F85 /* CoordinatorTests.xctest */ = {isa = PBXFileReference; explicitFileType = wrapper.cfbundle; includeInIndex = 0; path = CoordinatorTests.xctest; sourceTree = BUILT_PRODUCTS_DIR; };
		B17F95A62A30C4D200CE7F85 /* CoordinatorTests.swift */ = {isa = PBXFileReference; lastKnownFileType = sourcecode.swift; path = CoordinatorTests.swift; sourceTree = "<group>"; };
		B17F95AC2A30C4D200CE7F85 /* CoordinatorUITests.xctest */ = {isa = PBXFileReference; explicitFileType = wrapper.cfbundle; includeInIndex = 0; path = CoordinatorUITests.xctest; sourceTree = BUILT_PRODUCTS_DIR; };
		B17F95B02A30C4D200CE7F85 /* CoordinatorUITests.swift */ = {isa = PBXFileReference; lastKnownFileType = sourcecode.swift; path = CoordinatorUITests.swift; sourceTree = "<group>"; };
		B17F95B22A30C4D200CE7F85 /* CoordinatorUITestsLaunchTests.swift */ = {isa = PBXFileReference; lastKnownFileType = sourcecode.swift; path = CoordinatorUITestsLaunchTests.swift; sourceTree = "<group>"; };
		B17F95BF2A30C57700CE7F85 /* Coordinator.swift */ = {isa = PBXFileReference; lastKnownFileType = sourcecode.swift; path = Coordinator.swift; sourceTree = "<group>"; };
/* End PBXFileReference section */

/* Begin PBXFrameworksBuildPhase section */
		B17F95892A30C4CF00CE7F85 /* Frameworks */ = {
			isa = PBXFrameworksBuildPhase;
			buildActionMask = 2147483647;
			files = (
			);
			runOnlyForDeploymentPostprocessing = 0;
		};
		B17F959F2A30C4D200CE7F85 /* Frameworks */ = {
			isa = PBXFrameworksBuildPhase;
			buildActionMask = 2147483647;
			files = (
			);
			runOnlyForDeploymentPostprocessing = 0;
		};
		B17F95A92A30C4D200CE7F85 /* Frameworks */ = {
			isa = PBXFrameworksBuildPhase;
			buildActionMask = 2147483647;
			files = (
			);
			runOnlyForDeploymentPostprocessing = 0;
		};
/* End PBXFrameworksBuildPhase section */

/* Begin PBXGroup section */
		B17F95832A30C4CF00CE7F85 = {
			isa = PBXGroup;
			children = (
				B17F958E2A30C4CF00CE7F85 /* Coordinator */,
				B17F95A52A30C4D200CE7F85 /* CoordinatorTests */,
				B17F95AF2A30C4D200CE7F85 /* CoordinatorUITests */,
				B17F958D2A30C4CF00CE7F85 /* Products */,
			);
			sourceTree = "<group>";
		};
		B17F958D2A30C4CF00CE7F85 /* Products */ = {
			isa = PBXGroup;
			children = (
				B17F958C2A30C4CF00CE7F85 /* Coordinator.app */,
				B17F95A22A30C4D200CE7F85 /* CoordinatorTests.xctest */,
				B17F95AC2A30C4D200CE7F85 /* CoordinatorUITests.xctest */,
			);
			name = Products;
			sourceTree = "<group>";
		};
		B17F958E2A30C4CF00CE7F85 /* Coordinator */ = {
			isa = PBXGroup;
			children = (
				B17F958F2A30C4CF00CE7F85 /* AppDelegate.swift */,
				B17F95912A30C4CF00CE7F85 /* SceneDelegate.swift */,
				B17F95932A30C4CF00CE7F85 /* ViewController.swift */,
				B17F95952A30C4CF00CE7F85 /* Main.storyboard */,
				B17F95982A30C4D200CE7F85 /* Assets.xcassets */,
				B17F959A2A30C4D200CE7F85 /* LaunchScreen.storyboard */,
				B17F959D2A30C4D200CE7F85 /* Info.plist */,
				B17F95BF2A30C57700CE7F85 /* Coordinator.swift */,
			);
			path = Coordinator;
			sourceTree = "<group>";
		};
		B17F95A52A30C4D200CE7F85 /* CoordinatorTests */ = {
			isa = PBXGroup;
			children = (
				B17F95A62A30C4D200CE7F85 /* CoordinatorTests.swift */,
			);
			path = CoordinatorTests;
			sourceTree = "<group>";
		};
		B17F95AF2A30C4D200CE7F85 /* CoordinatorUITests */ = {
			isa = PBXGroup;
			children = (
				B17F95B02A30C4D200CE7F85 /* CoordinatorUITests.swift */,
				B17F95B22A30C4D200CE7F85 /* CoordinatorUITestsLaunchTests.swift */,
			);
			path = CoordinatorUITests;
			sourceTree = "<group>";
		};
/* End PBXGroup section */

/* Begin PBXNativeTarget section */
		B17F958B2A30C4CF00CE7F85 /* Coordinator */ = {
			isa = PBXNativeTarget;
			buildConfigurationList = B17F95B62A30C4D200CE7F85 /* Build configuration list for PBXNativeTarget "Coordinator" */;
			buildPhases = (
				B17F95882A30C4CF00CE7F85 /* Sources */,
				B17F95892A30C4CF00CE7F85 /* Frameworks */,
				B17F958A2A30C4CF00CE7F85 /* Resources */,
			);
			buildRules = (
			);
			dependencies = (
			);
			name = Coordinator;
			productName = Coordinator;
			productReference = B17F958C2A30C4CF00CE7F85 /* Coordinator.app */;
			productType = "com.apple.product-type.application";
		};
		B17F95A12A30C4D200CE7F85 /* CoordinatorTests */ = {
			isa = PBXNativeTarget;
			buildConfigurationList = B17F95B92A30C4D200CE7F85 /* Build configuration list for PBXNativeTarget "CoordinatorTests" */;
			buildPhases = (
				B17F959E2A30C4D200CE7F85 /* Sources */,
				B17F959F2A30C4D200CE7F85 /* Frameworks */,
				B17F95A02A30C4D200CE7F85 /* Resources */,
			);
			buildRules = (
			);
			dependencies = (
				B17F95A42A30C4D200CE7F85 /* PBXTargetDependency */,
			);
			name = CoordinatorTests;
			productName = CoordinatorTests;
			productReference = B17F95A22A30C4D200CE7F85 /* CoordinatorTests.xctest */;
			productType = "com.apple.product-type.bundle.unit-test";
		};
		B17F95AB2A30C4D200CE7F85 /* CoordinatorUITests */ = {
			isa = PBXNativeTarget;
			buildConfigurationList = B17F95BC2A30C4D200CE7F85 /* Build configuration list for PBXNativeTarget "CoordinatorUITests" */;
			buildPhases = (
				B17F95A82A30C4D200CE7F85 /* Sources */,
				B17F95A92A30C4D200CE7F85 /* Frameworks */,
				B17F95AA2A30C4D200CE7F85 /* Resources */,
			);
			buildRules = (
			);
			dependencies = (
				B17F95AE2A30C4D200CE7F85 /* PBXTargetDependency */,
			);
			name = CoordinatorUITests;
			productName = CoordinatorUITests;
			productReference = B17F95AC2A30C4D200CE7F85 /* CoordinatorUITests.xctest */;
			productType = "com.apple.product-type.bundle.ui-testing";
		};
/* End PBXNativeTarget section */

/* Begin PBXProject section */
		B17F95842A30C4CF00CE7F85 /* Project object */ = {
			isa = PBXProject;
			attributes = {
				BuildIndependentTargetsInParallel = 1;
				LastSwiftUpdateCheck = 1430;
				LastUpgradeCheck = 1430;
				TargetAttributes = {
					B17F958B2A30C4CF00CE7F85 = {
						CreatedOnToolsVersion = 14.3;
					};
					B17F95A12A30C4D200CE7F85 = {
						CreatedOnToolsVersion = 14.3;
						TestTargetID = B17F958B2A30C4CF00CE7F85;
					};
					B17F95AB2A30C4D200CE7F85 = {
						CreatedOnToolsVersion = 14.3;
						TestTargetID = B17F958B2A30C4CF00CE7F85;
					};
				};
			};
			buildConfigurationList = B17F95872A30C4CF00CE7F85 /* Build configuration list for PBXProject "Coordinator" */;
			compatibilityVersion = "Xcode 14.0";
			developmentRegion = en;
			hasScannedForEncodings = 0;
			knownRegions = (
				en,
				Base,
			);
			mainGroup = B17F95832A30C4CF00CE7F85;
			productRefGroup = B17F958D2A30C4CF00CE7F85 /* Products */;
			projectDirPath = "";
			projectRoot = "";
			targets = (
				B17F958B2A30C4CF00CE7F85 /* Coordinator */,
				B17F95A12A30C4D200CE7F85 /* CoordinatorTests */,
				B17F95AB2A30C4D200CE7F85 /* CoordinatorUITests */,
			);
		};
/* End PBXProject section */

/* Begin PBXResourcesBuildPhase section */
		B17F958A2A30C4CF00CE7F85 /* Resources */ = {
			isa = PBXResourcesBuildPhase;
			buildActionMask = 2147483647;
			files = (
				B17F959C2A30C4D200CE7F85 /* LaunchScreen.storyboard in Resources */,
				B17F95992A30C4D200CE7F85 /* Assets.xcassets in Resources */,
				B17F95972A30C4CF00CE7F85 /* Main.storyboard in Resources */,
			);
			runOnlyForDeploymentPostprocessing = 0;
		};
		B17F95A02A30C4D200CE7F85 /* Resources */ = {
			isa = PBXResourcesBuildPhase;
			buildActionMask = 2147483647;
			files = (
			);
			runOnlyForDeploymentPostprocessing = 0;
		};
		B17F95AA2A30C4D200CE7F85 /* Resources */ = {
			isa = PBXResourcesBuildPhase;
			buildActionMask = 2147483647;
			files = (
			);
			runOnlyForDeploymentPostprocessing = 0;
		};
/* End PBXResourcesBuildPhase section */

/* Begin PBXSourcesBuildPhase section */
		B17F95882A30C4CF00CE7F85 /* Sources */ = {
			isa = PBXSourcesBuildPhase;
			buildActionMask = 2147483647;
			files = (
				B17F95C02A30C57700CE7F85 /* Coordinator.swift in Sources */,
				B17F95942A30C4CF00CE7F85 /* ViewController.swift in Sources */,
				B17F95902A30C4CF00CE7F85 /* AppDelegate.swift in Sources */,
				B17F95922A30C4CF00CE7F85 /* SceneDelegate.swift in Sources */,
			);
			runOnlyForDeploymentPostprocessing = 0;
		};
		B17F959E2A30C4D200CE7F85 /* Sources */ = {
			isa = PBXSourcesBuildPhase;
			buildActionMask = 2147483647;
			files = (
				B17F95A72A30C4D200CE7F85 /* CoordinatorTests.swift in Sources */,
			);
			runOnlyForDeploymentPostprocessing = 0;
		};
		B17F95A82A30C4D200CE7F85 /* Sources */ = {
			isa = PBXSourcesBuildPhase;
			buildActionMask = 2147483647;
			files = (
				B17F95B12A30C4D200CE7F85 /* CoordinatorUITests.swift in Sources */,
				B17F95B32A30C4D200CE7F85 /* CoordinatorUITestsLaunchTests.swift in Sources */,
			);
			runOnlyForDeploymentPostprocessing = 0;
		};
/* End PBXSourcesBuildPhase section */

/* Begin PBXTargetDependency section */
		B17F95A42A30C4D200CE7F85 /* PBXTargetDependency */ = {
			isa = PBXTargetDependency;
			target = B17F958B2A30C4CF00CE7F85 /* Coordinator */;
			targetProxy = B17F95A32A30C4D200CE7F85 /* PBXContainerItemProxy */;
		};
		B17F95AE2A30C4D200CE7F85 /* PBXTargetDependency */ = {
			isa = PBXTargetDependency;
			target = B17F958B2A30C4CF00CE7F85 /* Coordinator */;
			targetProxy = B17F95AD2A30C4D200CE7F85 /* PBXContainerItemProxy */;
		};
/* End PBXTargetDependency section */

/* Begin PBXVariantGroup section */
		B17F95952A30C4CF00CE7F85 /* Main.storyboard */ = {
			isa = PBXVariantGroup;
			children = (
				B17F95962A30C4CF00CE7F85 /* Base */,
			);
			name = Main.storyboard;
			sourceTree = "<group>";
		};
		B17F959A2A30C4D200CE7F85 /* LaunchScreen.storyboard */ = {
			isa = PBXVariantGroup;
			children = (
				B17F959B2A30C4D200CE7F85 /* Base */,
			);
			name = LaunchScreen.storyboard;
			sourceTree = "<group>";
		};
/* End PBXVariantGroup section */

/* Begin XCBuildConfiguration section */
		B17F95B42A30C4D200CE7F85 /* Debug */ = {
			isa = XCBuildConfiguration;
			buildSettings = {
				ALWAYS_SEARCH_USER_PATHS = NO;
				CLANG_ANALYZER_NONNULL = YES;
				CLANG_ANALYZER_NUMBER_OBJECT_CONVERSION = YES_AGGRESSIVE;
				CLANG_CXX_LANGUAGE_STANDARD = "gnu++20";
				CLANG_ENABLE_MODULES = YES;
				CLANG_ENABLE_OBJC_ARC = YES;
				CLANG_ENABLE_OBJC_WEAK = YES;
				CLANG_WARN_BLOCK_CAPTURE_AUTORELEASING = YES;
				CLANG_WARN_BOOL_CONVERSION = YES;
				CLANG_WARN_COMMA = YES;
				CLANG_WARN_CONSTANT_CONVERSION = YES;
				CLANG_WARN_DEPRECATED_OBJC_IMPLEMENTATIONS = YES;
				CLANG_WARN_DIRECT_OBJC_ISA_USAGE = YES_ERROR;
				CLANG_WARN_DOCUMENTATION_COMMENTS = YES;
				CLANG_WARN_EMPTY_BODY = YES;
				CLANG_WARN_ENUM_CONVERSION = YES;
				CLANG_WARN_INFINITE_RECURSION = YES;
				CLANG_WARN_INT_CONVERSION = YES;
				CLANG_WARN_NON_LITERAL_NULL_CONVERSION = YES;
				CLANG_WARN_OBJC_IMPLICIT_RETAIN_SELF = YES;
				CLANG_WARN_OBJC_LITERAL_CONVERSION = YES;
				CLANG_WARN_OBJC_ROOT_CLASS = YES_ERROR;
				CLANG_WARN_QUOTED_INCLUDE_IN_FRAMEWORK_HEADER = YES;
				CLANG_WARN_RANGE_LOOP_ANALYSIS = YES;
				CLANG_WARN_STRICT_PROTOTYPES = YES;
				CLANG_WARN_SUSPICIOUS_MOVE = YES;
				CLANG_WARN_UNGUARDED_AVAILABILITY = YES_AGGRESSIVE;
				CLANG_WARN_UNREACHABLE_CODE = YES;
				CLANG_WARN__DUPLICATE_METHOD_MATCH = YES;
				COPY_PHASE_STRIP = NO;
				DEBUG_INFORMATION_FORMAT = dwarf;
				ENABLE_STRICT_OBJC_MSGSEND = YES;
				ENABLE_TESTABILITY = YES;
				GCC_C_LANGUAGE_STANDARD = gnu11;
				GCC_DYNAMIC_NO_PIC = NO;
				GCC_NO_COMMON_BLOCKS = YES;
				GCC_OPTIMIZATION_LEVEL = 0;
				GCC_PREPROCESSOR_DEFINITIONS = (
					"DEBUG=1",
					"$(inherited)",
				);
				GCC_WARN_64_TO_32_BIT_CONVERSION = YES;
				GCC_WARN_ABOUT_RETURN_TYPE = YES_ERROR;
				GCC_WARN_UNDECLARED_SELECTOR = YES;
				GCC_WARN_UNINITIALIZED_AUTOS = YES_AGGRESSIVE;
				GCC_WARN_UNUSED_FUNCTION = YES;
				GCC_WARN_UNUSED_VARIABLE = YES;
				IPHONEOS_DEPLOYMENT_TARGET = 16.4;
				MTL_ENABLE_DEBUG_INFO = INCLUDE_SOURCE;
				MTL_FAST_MATH = YES;
				ONLY_ACTIVE_ARCH = YES;
				SDKROOT = iphoneos;
				SWIFT_ACTIVE_COMPILATION_CONDITIONS = DEBUG;
				SWIFT_OPTIMIZATION_LEVEL = "-Onone";
			};
			name = Debug;
		};
		B17F95B52A30C4D200CE7F85 /* Release */ = {
			isa = XCBuildConfiguration;
			buildSettings = {
				ALWAYS_SEARCH_USER_PATHS = NO;
				CLANG_ANALYZER_NONNULL = YES;
				CLANG_ANALYZER_NUMBER_OBJECT_CONVERSION = YES_AGGRESSIVE;
				CLANG_CXX_LANGUAGE_STANDARD = "gnu++20";
				CLANG_ENABLE_MODULES = YES;
				CLANG_ENABLE_OBJC_ARC = YES;
				CLANG_ENABLE_OBJC_WEAK = YES;
				CLANG_WARN_BLOCK_CAPTURE_AUTORELEASING = YES;
				CLANG_WARN_BOOL_CONVERSION = YES;
				CLANG_WARN_COMMA = YES;
				CLANG_WARN_CONSTANT_CONVERSION = YES;
				CLANG_WARN_DEPRECATED_OBJC_IMPLEMENTATIONS = YES;
				CLANG_WARN_DIRECT_OBJC_ISA_USAGE = YES_ERROR;
				CLANG_WARN_DOCUMENTATION_COMMENTS = YES;
				CLANG_WARN_EMPTY_BODY = YES;
				CLANG_WARN_ENUM_CONVERSION = YES;
				CLANG_WARN_INFINITE_RECURSION = YES;
				CLANG_WARN_INT_CONVERSION = YES;
				CLANG_WARN_NON_LITERAL_NULL_CONVERSION = YES;
				CLANG_WARN_OBJC_IMPLICIT_RETAIN_SELF = YES;
				CLANG_WARN_OBJC_LITERAL_CONVERSION = YES;
				CLANG_WARN_OBJC_ROOT_CLASS = YES_ERROR;
				CLANG_WARN_QUOTED_INCLUDE_IN_FRAMEWORK_HEADER = YES;
				CLANG_WARN_RANGE_LOOP_ANALYSIS = YES;
				CLANG_WARN_STRICT_PROTOTYPES = YES;
				CLANG_WARN_SUSPICIOUS_MOVE = YES;
				CLANG_WARN_UNGUARDED_AVAILABILITY = YES_AGGRESSIVE;
				CLANG_WARN_UNREACHABLE_CODE = YES;
				CLANG_WARN__DUPLICATE_METHOD_MATCH = YES;
				COPY_PHASE_STRIP = NO;
				DEBUG_INFORMATION_FORMAT = "dwarf-with-dsym";
				ENABLE_NS_ASSERTIONS = NO;
				ENABLE_STRICT_OBJC_MSGSEND = YES;
				GCC_C_LANGUAGE_STANDARD = gnu11;
				GCC_NO_COMMON_BLOCKS = YES;
				GCC_WARN_64_TO_32_BIT_CONVERSION = YES;
				GCC_WARN_ABOUT_RETURN_TYPE = YES_ERROR;
				GCC_WARN_UNDECLARED_SELECTOR = YES;
				GCC_WARN_UNINITIALIZED_AUTOS = YES_AGGRESSIVE;
				GCC_WARN_UNUSED_FUNCTION = YES;
				GCC_WARN_UNUSED_VARIABLE = YES;
				IPHONEOS_DEPLOYMENT_TARGET = 16.4;
				MTL_ENABLE_DEBUG_INFO = NO;
				MTL_FAST_MATH = YES;
				SDKROOT = iphoneos;
				SWIFT_COMPILATION_MODE = wholemodule;
				SWIFT_OPTIMIZATION_LEVEL = "-O";
				VALIDATE_PRODUCT = YES;
			};
			name = Release;
		};
		B17F95B72A30C4D200CE7F85 /* Debug */ = {
			isa = XCBuildConfiguration;
			buildSettings = {
				ASSETCATALOG_COMPILER_APPICON_NAME = AppIcon;
				ASSETCATALOG_COMPILER_GLOBAL_ACCENT_COLOR_NAME = AccentColor;
				CODE_SIGN_STYLE = Automatic;
				CURRENT_PROJECT_VERSION = 1;
				DEVELOPMENT_TEAM = Q4WH2ZZWCT;
				GENERATE_INFOPLIST_FILE = YES;
				INFOPLIST_FILE = Coordinator/Info.plist;
				INFOPLIST_KEY_UIApplicationSupportsIndirectInputEvents = YES;
				INFOPLIST_KEY_UILaunchStoryboardName = LaunchScreen;
				INFOPLIST_KEY_UIMainStoryboardFile = Main;
				INFOPLIST_KEY_UISupportedInterfaceOrientations_iPad = "UIInterfaceOrientationPortrait UIInterfaceOrientationPortraitUpsideDown UIInterfaceOrientationLandscapeLeft UIInterfaceOrientationLandscapeRight";
				INFOPLIST_KEY_UISupportedInterfaceOrientations_iPhone = "UIInterfaceOrientationPortrait UIInterfaceOrientationLandscapeLeft UIInterfaceOrientationLandscapeRight";
				LD_RUNPATH_SEARCH_PATHS = (
					"$(inherited)",
					"@executable_path/Frameworks",
				);
				MARKETING_VERSION = 1.0;
				PRODUCT_BUNDLE_IDENTIFIER = com.siddharthkothari.Coordinator;
				PRODUCT_NAME = "$(TARGET_NAME)";
				SWIFT_EMIT_LOC_STRINGS = YES;
				SWIFT_VERSION = 5.0;
				TARGETED_DEVICE_FAMILY = "1,2";
			};
			name = Debug;
		};
		B17F95B82A30C4D200CE7F85 /* Release */ = {
			isa = XCBuildConfiguration;
			buildSettings = {
				ASSETCATALOG_COMPILER_APPICON_NAME = AppIcon;
				ASSETCATALOG_COMPILER_GLOBAL_ACCENT_COLOR_NAME = AccentColor;
				CODE_SIGN_STYLE = Automatic;
				CURRENT_PROJECT_VERSION = 1;
				DEVELOPMENT_TEAM = Q4WH2ZZWCT;
				GENERATE_INFOPLIST_FILE = YES;
				INFOPLIST_FILE = Coordinator/Info.plist;
				INFOPLIST_KEY_UIApplicationSupportsIndirectInputEvents = YES;
				INFOPLIST_KEY_UILaunchStoryboardName = LaunchScreen;
				INFOPLIST_KEY_UIMainStoryboardFile = Main;
				INFOPLIST_KEY_UISupportedInterfaceOrientations_iPad = "UIInterfaceOrientationPortrait UIInterfaceOrientationPortraitUpsideDown UIInterfaceOrientationLandscapeLeft UIInterfaceOrientationLandscapeRight";
				INFOPLIST_KEY_UISupportedInterfaceOrientations_iPhone = "UIInterfaceOrientationPortrait UIInterfaceOrientationLandscapeLeft UIInterfaceOrientationLandscapeRight";
				LD_RUNPATH_SEARCH_PATHS = (
					"$(inherited)",
					"@executable_path/Frameworks",
				);
				MARKETING_VERSION = 1.0;
				PRODUCT_BUNDLE_IDENTIFIER = com.siddharthkothari.Coordinator;
				PRODUCT_NAME = "$(TARGET_NAME)";
				SWIFT_EMIT_LOC_STRINGS = YES;
				SWIFT_VERSION = 5.0;
				TARGETED_DEVICE_FAMILY = "1,2";
			};
			name = Release;
		};
		B17F95BA2A30C4D200CE7F85 /* Debug */ = {
			isa = XCBuildConfiguration;
			buildSettings = {
				ALWAYS_EMBED_SWIFT_STANDARD_LIBRARIES = YES;
				BUNDLE_LOADER = "$(TEST_HOST)";
				CODE_SIGN_STYLE = Automatic;
				CURRENT_PROJECT_VERSION = 1;
				DEVELOPMENT_TEAM = Q4WH2ZZWCT;
				GENERATE_INFOPLIST_FILE = YES;
				IPHONEOS_DEPLOYMENT_TARGET = 16.4;
				MARKETING_VERSION = 1.0;
				PRODUCT_BUNDLE_IDENTIFIER = com.siddharthkothari.CoordinatorTests;
				PRODUCT_NAME = "$(TARGET_NAME)";
				SWIFT_EMIT_LOC_STRINGS = NO;
				SWIFT_VERSION = 5.0;
				TARGETED_DEVICE_FAMILY = "1,2";
				TEST_HOST = "$(BUILT_PRODUCTS_DIR)/Coordinator.app/$(BUNDLE_EXECUTABLE_FOLDER_PATH)/Coordinator";
			};
			name = Debug;
		};
		B17F95BB2A30C4D200CE7F85 /* Release */ = {
			isa = XCBuildConfiguration;
			buildSettings = {
				ALWAYS_EMBED_SWIFT_STANDARD_LIBRARIES = YES;
				BUNDLE_LOADER = "$(TEST_HOST)";
				CODE_SIGN_STYLE = Automatic;
				CURRENT_PROJECT_VERSION = 1;
				DEVELOPMENT_TEAM = Q4WH2ZZWCT;
				GENERATE_INFOPLIST_FILE = YES;
				IPHONEOS_DEPLOYMENT_TARGET = 16.4;
				MARKETING_VERSION = 1.0;
				PRODUCT_BUNDLE_IDENTIFIER = com.siddharthkothari.CoordinatorTests;
				PRODUCT_NAME = "$(TARGET_NAME)";
				SWIFT_EMIT_LOC_STRINGS = NO;
				SWIFT_VERSION = 5.0;
				TARGETED_DEVICE_FAMILY = "1,2";
				TEST_HOST = "$(BUILT_PRODUCTS_DIR)/Coordinator.app/$(BUNDLE_EXECUTABLE_FOLDER_PATH)/Coordinator";
			};
			name = Release;
		};
		B17F95BD2A30C4D200CE7F85 /* Debug */ = {
			isa = XCBuildConfiguration;
			buildSettings = {
				ALWAYS_EMBED_SWIFT_STANDARD_LIBRARIES = YES;
				CODE_SIGN_STYLE = Automatic;
				CURRENT_PROJECT_VERSION = 1;
				DEVELOPMENT_TEAM = Q4WH2ZZWCT;
				GENERATE_INFOPLIST_FILE = YES;
				MARKETING_VERSION = 1.0;
				PRODUCT_BUNDLE_IDENTIFIER = com.siddharthkothari.CoordinatorUITests;
				PRODUCT_NAME = "$(TARGET_NAME)";
				SWIFT_EMIT_LOC_STRINGS = NO;
				SWIFT_VERSION = 5.0;
				TARGETED_DEVICE_FAMILY = "1,2";
				TEST_TARGET_NAME = Coordinator;
			};
			name = Debug;
		};
		B17F95BE2A30C4D200CE7F85 /* Release */ = {
			isa = XCBuildConfiguration;
			buildSettings = {
				ALWAYS_EMBED_SWIFT_STANDARD_LIBRARIES = YES;
				CODE_SIGN_STYLE = Automatic;
				CURRENT_PROJECT_VERSION = 1;
				DEVELOPMENT_TEAM = Q4WH2ZZWCT;
				GENERATE_INFOPLIST_FILE = YES;
				MARKETING_VERSION = 1.0;
				PRODUCT_BUNDLE_IDENTIFIER = com.siddharthkothari.CoordinatorUITests;
				PRODUCT_NAME = "$(TARGET_NAME)";
				SWIFT_EMIT_LOC_STRINGS = NO;
				SWIFT_VERSION = 5.0;
				TARGETED_DEVICE_FAMILY = "1,2";
				TEST_TARGET_NAME = Coordinator;
			};
			name = Release;
		};
/* End XCBuildConfiguration section */

/* Begin XCConfigurationList section */
		B17F95872A30C4CF00CE7F85 /* Build configuration list for PBXProject "Coordinator" */ = {
			isa = XCConfigurationList;
			buildConfigurations = (
				B17F95B42A30C4D200CE7F85 /* Debug */,
				B17F95B52A30C4D200CE7F85 /* Release */,
			);
			defaultConfigurationIsVisible = 0;
			defaultConfigurationName = Release;
		};
		B17F95B62A30C4D200CE7F85 /* Build configuration list for PBXNativeTarget "Coordinator" */ = {
			isa = XCConfigurationList;
			buildConfigurations = (
				B17F95B72A30C4D200CE7F85 /* Debug */,
				B17F95B82A30C4D200CE7F85 /* Release */,
			);
			defaultConfigurationIsVisible = 0;
			defaultConfigurationName = Release;
		};
		B17F95B92A30C4D200CE7F85 /* Build configuration list for PBXNativeTarget "CoordinatorTests" */ = {
			isa = XCConfigurationList;
			buildConfigurations = (
				B17F95BA2A30C4D200CE7F85 /* Debug */,
				B17F95BB2A30C4D200CE7F85 /* Release */,
			);
			defaultConfigurationIsVisible = 0;
			defaultConfigurationName = Release;
		};
		B17F95BC2A30C4D200CE7F85 /* Build configuration list for PBXNativeTarget "CoordinatorUITests" */ = {
			isa = XCConfigurationList;
			buildConfigurations = (
				B17F95BD2A30C4D200CE7F85 /* Debug */,
				B17F95BE2A30C4D200CE7F85 /* Release */,
			);
			defaultConfigurationIsVisible = 0;
			defaultConfigurationName = Release;
		};
/* End XCConfigurationList section */
	};
	rootObject = B17F95842A30C4CF00CE7F85 /* Project object */;
}
